
Microsoft Visual Studio Solution File, Format Version 12.00
# Visual Studio Version 16
VisualStudioVersion = 16.0.29926.136
MinimumVisualStudioVersion = 10.0.40219.1
Project("{FAE04EC0-301F-11D3-BF4B-00C04F79EFBC}") = "BlankCoreApp1", "BlankCoreApp1\BlankCoreApp1.csproj", "{70C4315F-2081-44F9-A872-C2C4EF01A72F}"
EndProject
Project("{FAE04EC0-301F-11D3-BF4B-00C04F79EFBC}") = "Module1", "Module1\Module1.csproj", "{DDDA2BE3-235D-4C4C-916A-42B658A027C2}"
EndProject
Global
	GlobalSection(SolutionConfigurationPlatforms) = preSolution
		Debug|Any CPU = Debug|Any CPU
		Release|Any CPU = Release|Any CPU
	EndGlobalSection
	GlobalSection(ProjectConfigurationPlatforms) = postSolution
		{70C4315F-2081-44F9-A872-C2C4EF01A72F}.Debug|Any CPU.ActiveCfg = Debug|Any CPU
		{70C4315F-2081-44F9-A872-C2C4EF01A72F}.Debug|Any CPU.Build.0 = Debug|Any CPU
		{70C4315F-2081-44F9-A872-C2C4EF01A72F}.Release|Any CPU.ActiveCfg = Release|Any CPU
		{70C4315F-2081-44F9-A872-C2C4EF01A72F}.Release|Any CPU.Build.0 = Release|Any CPU
		{DDDA2BE3-235D-4C4C-916A-42B658A027C2}.Debug|Any CPU.ActiveCfg = Debug|Any CPU
		{DDDA2BE3-235D-4C4C-916A-42B658A027C2}.Debug|Any CPU.Build.0 = Debug|Any CPU
		{DDDA2BE3-235D-4C4C-916A-42B658A027C2}.Release|Any CPU.ActiveCfg = Release|Any CPU
		{DDDA2BE3-235D-4C4C-916A-42B658A027C2}.Release|Any CPU.Build.0 = Release|Any CPU
	EndGlobalSection
	GlobalSection(SolutionProperties) = preSolution
		HideSolutionNode = FALSE
	EndGlobalSection
	GlobalSection(ExtensibilityGlobals) = postSolution
		SolutionGuid = {A9C7EA21-4368-4155-A9D6-C9D719E8A3A5}
	EndGlobalSection
EndGlobal
